
Microsoft Visual Studio Solution File, Format Version 12.00
# Visual Studio 15
Project("{FAE04EC0-301F-11D3-BF4B-00C04F79EFBC}") = "Assembly-CSharp", "Assembly-CSharp.csproj", "{ABA0D85B-D5E2-F1EA-20B9-981F4A287F72}"
EndProject
Project("{FAE04EC0-301F-11D3-BF4B-00C04F79EFBC}") = "Assembly-CSharp-Editor", "Assembly-CSharp-Editor.csproj", "{59493286-784D-96CA-4A9D-CB53DD29BDF0}"
EndProject
Project("{FAE04EC0-301F-11D3-BF4B-00C04F79EFBC}") = "CardboardSamples", "CardboardSamples.csproj", "{AD68B758-3E4C-05FB-6CA8-BE48F3EF70ED}"
EndProject
Project("{FAE04EC0-301F-11D3-BF4B-00C04F79EFBC}") = "Google.XR.Cardboard", "Google.XR.Cardboard.csproj", "{5F4768E2-D3A0-9F97-E6C7-9D270FDBF555}"
EndProject
Project("{FAE04EC0-301F-11D3-BF4B-00C04F79EFBC}") = "Google.XR.Cardboard.Editor", "Google.XR.Cardboard.Editor.csproj", "{9B897FCA-5378-96AA-83F5-EA9B210C8D33}"
EndProject
Global
	GlobalSection(SolutionConfigurationPlatforms) = preSolution
		Debug|Any CPU = Debug|Any CPU
		Release|Any CPU = Release|Any CPU
	EndGlobalSection
	GlobalSection(ProjectConfigurationPlatforms) = postSolution
		{ABA0D85B-D5E2-F1EA-20B9-981F4A287F72}.Debug|Any CPU.ActiveCfg = Debug|Any CPU
		{ABA0D85B-D5E2-F1EA-20B9-981F4A287F72}.Debug|Any CPU.Build.0 = Debug|Any CPU
		{ABA0D85B-D5E2-F1EA-20B9-981F4A287F72}.Release|Any CPU.ActiveCfg = Release|Any CPU
		{ABA0D85B-D5E2-F1EA-20B9-981F4A287F72}.Release|Any CPU.Build.0 = Release|Any CPU
		{59493286-784D-96CA-4A9D-CB53DD29BDF0}.Debug|Any CPU.ActiveCfg = Debug|Any CPU
		{59493286-784D-96CA-4A9D-CB53DD29BDF0}.Debug|Any CPU.Build.0 = Debug|Any CPU
		{59493286-784D-96CA-4A9D-CB53DD29BDF0}.Release|Any CPU.ActiveCfg = Release|Any CPU
		{59493286-784D-96CA-4A9D-CB53DD29BDF0}.Release|Any CPU.Build.0 = Release|Any CPU
		{AD68B758-3E4C-05FB-6CA8-BE48F3EF70ED}.Debug|Any CPU.ActiveCfg = Debug|Any CPU
		{AD68B758-3E4C-05FB-6CA8-BE48F3EF70ED}.Debug|Any CPU.Build.0 = Debug|Any CPU
		{AD68B758-3E4C-05FB-6CA8-BE48F3EF70ED}.Release|Any CPU.ActiveCfg = Release|Any CPU
		{AD68B758-3E4C-05FB-6CA8-BE48F3EF70ED}.Release|Any CPU.Build.0 = Release|Any CPU
		{5F4768E2-D3A0-9F97-E6C7-9D270FDBF555}.Debug|Any CPU.ActiveCfg = Debug|Any CPU
		{5F4768E2-D3A0-9F97-E6C7-9D270FDBF555}.Debug|Any CPU.Build.0 = Debug|Any CPU
		{5F4768E2-D3A0-9F97-E6C7-9D270FDBF555}.Release|Any CPU.ActiveCfg = Release|Any CPU
		{5F4768E2-D3A0-9F97-E6C7-9D270FDBF555}.Release|Any CPU.Build.0 = Release|Any CPU
		{9B897FCA-5378-96AA-83F5-EA9B210C8D33}.Debug|Any CPU.ActiveCfg = Debug|Any CPU
		{9B897FCA-5378-96AA-83F5-EA9B210C8D33}.Debug|Any CPU.Build.0 = Debug|Any CPU
		{9B897FCA-5378-96AA-83F5-EA9B210C8D33}.Release|Any CPU.ActiveCfg = Release|Any CPU
		{9B897FCA-5378-96AA-83F5-EA9B210C8D33}.Release|Any CPU.Build.0 = Release|Any CPU
	EndGlobalSection
	GlobalSection(SolutionProperties) = preSolution
		HideSolutionNode = FALSE
	EndGlobalSection
EndGlobal
